
Microsoft Visual Studio Solution File, Format Version 12.00
# Visual Studio Version 17
VisualStudioVersion = 17.11.35327.3
MinimumVisualStudioVersion = 10.0.40219.1
Project("{FAE04EC0-301F-11D3-BF4B-00C04F79EFBC}") = "Project_03_Media Player_C Sharp_28_06_24", "Project_03_Media Player_C Sharp_28_06_24.csproj", "{55B7B8DB-E099-454C-9435-791DA5A54523}"
EndProject
Global
	GlobalSection(SolutionConfigurationPlatforms) = preSolution
		Debug|Any CPU = Debug|Any CPU
		Release|Any CPU = Release|Any CPU
	EndGlobalSection
	GlobalSection(ProjectConfigurationPlatforms) = postSolution
		{55B7B8DB-E099-454C-9435-791DA5A54523}.Debug|Any CPU.ActiveCfg = Debug|Any CPU
		{55B7B8DB-E099-454C-9435-791DA5A54523}.Debug|Any CPU.Build.0 = Debug|Any CPU
		{55B7B8DB-E099-454C-9435-791DA5A54523}.Release|Any CPU.ActiveCfg = Release|Any CPU
		{55B7B8DB-E099-454C-9435-791DA5A54523}.Release|Any CPU.Build.0 = Release|Any CPU
	EndGlobalSection
	GlobalSection(SolutionProperties) = preSolution
		HideSolutionNode = FALSE
	EndGlobalSection
	GlobalSection(ExtensibilityGlobals) = postSolution
		SolutionGuid = {E370A86B-6A6B-45F2-996D-3BDF1932C89C}
	EndGlobalSection
EndGlobal
